
Microsoft Visual Studio Solution File, Format Version 12.00
Project("{FAE04EC0-301F-11D3-BF4B-00C04F79EFBC}") = "SelfModifyingCode", "SelfModifyingCode\SelfModifyingCode.csproj", "{A9D952DC-52D1-4C89-B1A9-D144E4D0DBBA}"
EndProject
Project("{2150E333-8FDC-42A3-9474-1A3956D46DE8}") = "Server", "Server", "{3375B8A5-D929-4E1D-8959-04492E4C32B5}"
EndProject
Project("{2150E333-8FDC-42A3-9474-1A3956D46DE8}") = "Host", "Host", "{BE5CC909-D4B7-452F-A37A-EFD2C41A38B4}"
EndProject
Project("{2150E333-8FDC-42A3-9474-1A3956D46DE8}") = "Client", "Client", "{78F3E409-849F-4D8E-AD7F-9E72167DE527}"
EndProject
Project("{FAE04EC0-301F-11D3-BF4B-00C04F79EFBC}") = "BasicWebApi", "Client\WebServer\BasicWebApi\BasicWebApi.csproj", "{7A0D53D9-87DF-42CF-B54B-F301BE0684BB}"
EndProject
Project("{2150E333-8FDC-42A3-9474-1A3956D46DE8}") = "Shared", "Shared", "{791EF029-5E51-41A9-8C95-CFDAB1AD6147}"
EndProject
Project("{FAE04EC0-301F-11D3-BF4B-00C04F79EFBC}") = "SelfModifyingCode.Interface", "Shared\SelfModifyingCode.Interface\SelfModifyingCode.Interface.csproj", "{A6637A0A-7D9F-42E4-A430-5E7DBC390A6D}"
EndProject
Project("{FAE04EC0-301F-11D3-BF4B-00C04F79EFBC}") = "SelfModifyingCode.Host", "Host\SelfModifyingCode.Host\SelfModifyingCode.Host.csproj", "{2B206827-851B-4F41-9223-04B48D7D24CF}"
EndProject
Project("{FAE04EC0-301F-11D3-BF4B-00C04F79EFBC}") = "BasicWebApi.SMCManifest", "Client\WebServer\BasicWebApi.SMCManifest\BasicWebApi.SMCManifest.csproj", "{A10BDAC2-865E-4FC8-820B-C13611311B99}"
EndProject
Project("{FAE04EC0-301F-11D3-BF4B-00C04F79EFBC}") = "BasicWebApi.Tester", "Client\WebServer\BasicWebApi.Tester\BasicWebApi.Tester.csproj", "{5E4FF705-F609-40D1-95B8-6E70C47BAB3B}"
EndProject
Global
	GlobalSection(SolutionConfigurationPlatforms) = preSolution
		Debug|Any CPU = Debug|Any CPU
		Release|Any CPU = Release|Any CPU
	EndGlobalSection
	GlobalSection(ProjectConfigurationPlatforms) = postSolution
		{A9D952DC-52D1-4C89-B1A9-D144E4D0DBBA}.Debug|Any CPU.ActiveCfg = Debug|Any CPU
		{A9D952DC-52D1-4C89-B1A9-D144E4D0DBBA}.Debug|Any CPU.Build.0 = Debug|Any CPU
		{A9D952DC-52D1-4C89-B1A9-D144E4D0DBBA}.Release|Any CPU.ActiveCfg = Release|Any CPU
		{A9D952DC-52D1-4C89-B1A9-D144E4D0DBBA}.Release|Any CPU.Build.0 = Release|Any CPU
		{7A0D53D9-87DF-42CF-B54B-F301BE0684BB}.Debug|Any CPU.ActiveCfg = Debug|Any CPU
		{7A0D53D9-87DF-42CF-B54B-F301BE0684BB}.Debug|Any CPU.Build.0 = Debug|Any CPU
		{7A0D53D9-87DF-42CF-B54B-F301BE0684BB}.Release|Any CPU.ActiveCfg = Release|Any CPU
		{7A0D53D9-87DF-42CF-B54B-F301BE0684BB}.Release|Any CPU.Build.0 = Release|Any CPU
		{A6637A0A-7D9F-42E4-A430-5E7DBC390A6D}.Debug|Any CPU.ActiveCfg = Debug|Any CPU
		{A6637A0A-7D9F-42E4-A430-5E7DBC390A6D}.Debug|Any CPU.Build.0 = Debug|Any CPU
		{A6637A0A-7D9F-42E4-A430-5E7DBC390A6D}.Release|Any CPU.ActiveCfg = Release|Any CPU
		{A6637A0A-7D9F-42E4-A430-5E7DBC390A6D}.Release|Any CPU.Build.0 = Release|Any CPU
		{2B206827-851B-4F41-9223-04B48D7D24CF}.Debug|Any CPU.ActiveCfg = Debug|Any CPU
		{2B206827-851B-4F41-9223-04B48D7D24CF}.Debug|Any CPU.Build.0 = Debug|Any CPU
		{2B206827-851B-4F41-9223-04B48D7D24CF}.Release|Any CPU.ActiveCfg = Release|Any CPU
		{2B206827-851B-4F41-9223-04B48D7D24CF}.Release|Any CPU.Build.0 = Release|Any CPU
		{A10BDAC2-865E-4FC8-820B-C13611311B99}.Debug|Any CPU.ActiveCfg = Debug|Any CPU
		{A10BDAC2-865E-4FC8-820B-C13611311B99}.Debug|Any CPU.Build.0 = Debug|Any CPU
		{A10BDAC2-865E-4FC8-820B-C13611311B99}.Release|Any CPU.ActiveCfg = Release|Any CPU
		{A10BDAC2-865E-4FC8-820B-C13611311B99}.Release|Any CPU.Build.0 = Release|Any CPU
		{5E4FF705-F609-40D1-95B8-6E70C47BAB3B}.Debug|Any CPU.ActiveCfg = Debug|Any CPU
		{5E4FF705-F609-40D1-95B8-6E70C47BAB3B}.Debug|Any CPU.Build.0 = Debug|Any CPU
		{5E4FF705-F609-40D1-95B8-6E70C47BAB3B}.Release|Any CPU.ActiveCfg = Release|Any CPU
		{5E4FF705-F609-40D1-95B8-6E70C47BAB3B}.Release|Any CPU.Build.0 = Release|Any CPU
	EndGlobalSection
	GlobalSection(NestedProjects) = preSolution
		{7A0D53D9-87DF-42CF-B54B-F301BE0684BB} = {78F3E409-849F-4D8E-AD7F-9E72167DE527}
		{A6637A0A-7D9F-42E4-A430-5E7DBC390A6D} = {791EF029-5E51-41A9-8C95-CFDAB1AD6147}
		{2B206827-851B-4F41-9223-04B48D7D24CF} = {BE5CC909-D4B7-452F-A37A-EFD2C41A38B4}
		{A10BDAC2-865E-4FC8-820B-C13611311B99} = {78F3E409-849F-4D8E-AD7F-9E72167DE527}
		{5E4FF705-F609-40D1-95B8-6E70C47BAB3B} = {78F3E409-849F-4D8E-AD7F-9E72167DE527}
	EndGlobalSection
EndGlobal
