
Microsoft Visual Studio Solution File, Format Version 12.00
Project("{2150E333-8FDC-42A3-9474-1A3956D46DE8}") = "Server", "Server", "{3375B8A5-D929-4E1D-8959-04492E4C32B5}"
EndProject
Project("{2150E333-8FDC-42A3-9474-1A3956D46DE8}") = "Host", "Host", "{BE5CC909-D4B7-452F-A37A-EFD2C41A38B4}"
EndProject
Project("{2150E333-8FDC-42A3-9474-1A3956D46DE8}") = "Example", "Example", "{78F3E409-849F-4D8E-AD7F-9E72167DE527}"
EndProject
Project("{2150E333-8FDC-42A3-9474-1A3956D46DE8}") = "Shared", "Shared", "{791EF029-5E51-41A9-8C95-CFDAB1AD6147}"
EndProject
Project("{FAE04EC0-301F-11D3-BF4B-00C04F79EFBC}") = "SelfModifyingCode", "Shared\SelfModifyingCode\SelfModifyingCode.csproj", "{A6637A0A-7D9F-42E4-A430-5E7DBC390A6D}"
EndProject
Project("{FAE04EC0-301F-11D3-BF4B-00C04F79EFBC}") = "SelfModifyingCode.Host", "Host\SelfModifyingCode.Host\SelfModifyingCode.Host.csproj", "{2B206827-851B-4F41-9223-04B48D7D24CF}"
EndProject
Project("{FAE04EC0-301F-11D3-BF4B-00C04F79EFBC}") = "SelfModifyingCode.Server.DataContract", "Server\SelfModifyingCode.Server.DataContract\SelfModifyingCode.Server.DataContract.csproj", "{684CFF0F-2F7B-4E0F-81AD-159A37D7AEA0}"
EndProject
Project("{FAE04EC0-301F-11D3-BF4B-00C04F79EFBC}") = "SelfModifyingCode.Server", "Server\SelfModifyingCode.Server\SelfModifyingCode.Server.csproj", "{96112FD9-6CA5-4FD0-8517-CA2D4B355781}"
EndProject
Project("{FAE04EC0-301F-11D3-BF4B-00C04F79EFBC}") = "SelfModifyingCode.WebClient", "Server\SelfModifyingCode.WebClient\SelfModifyingCode.WebClient.csproj", "{CB45C860-C11B-4D2A-929B-234E0B8FB4E4}"
EndProject
Project("{FAE04EC0-301F-11D3-BF4B-00C04F79EFBC}") = "SelfModifyingCode.Common", "Shared\SelfModifyingCode.Common\SelfModifyingCode.Common.csproj", "{1227C584-2092-4ABE-95A9-E94D5CAAF575}"
EndProject
Project("{2150E333-8FDC-42A3-9474-1A3956D46DE8}") = "WebServer", "WebServer", "{6E07DDD9-B895-4650-BB94-F22B0227413A}"
EndProject
Project("{FAE04EC0-301F-11D3-BF4B-00C04F79EFBC}") = "BasicWebApi", "Example\WebServer\BasicWebApi\BasicWebApi.csproj", "{6B27A73E-3BEE-46A3-8594-E2BDED5D3468}"
EndProject
Project("{FAE04EC0-301F-11D3-BF4B-00C04F79EFBC}") = "BasicWebApi.SMCManifest", "Example\WebServer\BasicWebApi.SMCManifest\BasicWebApi.SMCManifest.csproj", "{95AEBAC7-BA46-40DC-A166-8B7B2A5BCB68}"
EndProject
Global
	GlobalSection(SolutionConfigurationPlatforms) = preSolution
		Debug|Any CPU = Debug|Any CPU
		Release|Any CPU = Release|Any CPU
	EndGlobalSection
	GlobalSection(ProjectConfigurationPlatforms) = postSolution
		{A6637A0A-7D9F-42E4-A430-5E7DBC390A6D}.Debug|Any CPU.ActiveCfg = Debug|Any CPU
		{A6637A0A-7D9F-42E4-A430-5E7DBC390A6D}.Debug|Any CPU.Build.0 = Debug|Any CPU
		{A6637A0A-7D9F-42E4-A430-5E7DBC390A6D}.Release|Any CPU.ActiveCfg = Release|Any CPU
		{A6637A0A-7D9F-42E4-A430-5E7DBC390A6D}.Release|Any CPU.Build.0 = Release|Any CPU
		{2B206827-851B-4F41-9223-04B48D7D24CF}.Debug|Any CPU.ActiveCfg = Debug|Any CPU
		{2B206827-851B-4F41-9223-04B48D7D24CF}.Debug|Any CPU.Build.0 = Debug|Any CPU
		{2B206827-851B-4F41-9223-04B48D7D24CF}.Release|Any CPU.ActiveCfg = Release|Any CPU
		{2B206827-851B-4F41-9223-04B48D7D24CF}.Release|Any CPU.Build.0 = Release|Any CPU
		{684CFF0F-2F7B-4E0F-81AD-159A37D7AEA0}.Debug|Any CPU.ActiveCfg = Debug|Any CPU
		{684CFF0F-2F7B-4E0F-81AD-159A37D7AEA0}.Debug|Any CPU.Build.0 = Debug|Any CPU
		{684CFF0F-2F7B-4E0F-81AD-159A37D7AEA0}.Release|Any CPU.ActiveCfg = Release|Any CPU
		{684CFF0F-2F7B-4E0F-81AD-159A37D7AEA0}.Release|Any CPU.Build.0 = Release|Any CPU
		{96112FD9-6CA5-4FD0-8517-CA2D4B355781}.Debug|Any CPU.ActiveCfg = Debug|Any CPU
		{96112FD9-6CA5-4FD0-8517-CA2D4B355781}.Debug|Any CPU.Build.0 = Debug|Any CPU
		{96112FD9-6CA5-4FD0-8517-CA2D4B355781}.Release|Any CPU.ActiveCfg = Release|Any CPU
		{96112FD9-6CA5-4FD0-8517-CA2D4B355781}.Release|Any CPU.Build.0 = Release|Any CPU
		{CB45C860-C11B-4D2A-929B-234E0B8FB4E4}.Debug|Any CPU.ActiveCfg = Debug|Any CPU
		{CB45C860-C11B-4D2A-929B-234E0B8FB4E4}.Debug|Any CPU.Build.0 = Debug|Any CPU
		{CB45C860-C11B-4D2A-929B-234E0B8FB4E4}.Release|Any CPU.ActiveCfg = Release|Any CPU
		{CB45C860-C11B-4D2A-929B-234E0B8FB4E4}.Release|Any CPU.Build.0 = Release|Any CPU
		{1227C584-2092-4ABE-95A9-E94D5CAAF575}.Debug|Any CPU.ActiveCfg = Debug|Any CPU
		{1227C584-2092-4ABE-95A9-E94D5CAAF575}.Debug|Any CPU.Build.0 = Debug|Any CPU
		{1227C584-2092-4ABE-95A9-E94D5CAAF575}.Release|Any CPU.ActiveCfg = Release|Any CPU
		{1227C584-2092-4ABE-95A9-E94D5CAAF575}.Release|Any CPU.Build.0 = Release|Any CPU
		{6B27A73E-3BEE-46A3-8594-E2BDED5D3468}.Debug|Any CPU.ActiveCfg = Debug|Any CPU
		{6B27A73E-3BEE-46A3-8594-E2BDED5D3468}.Debug|Any CPU.Build.0 = Debug|Any CPU
		{6B27A73E-3BEE-46A3-8594-E2BDED5D3468}.Release|Any CPU.ActiveCfg = Release|Any CPU
		{6B27A73E-3BEE-46A3-8594-E2BDED5D3468}.Release|Any CPU.Build.0 = Release|Any CPU
		{95AEBAC7-BA46-40DC-A166-8B7B2A5BCB68}.Debug|Any CPU.ActiveCfg = Debug|Any CPU
		{95AEBAC7-BA46-40DC-A166-8B7B2A5BCB68}.Debug|Any CPU.Build.0 = Debug|Any CPU
		{95AEBAC7-BA46-40DC-A166-8B7B2A5BCB68}.Release|Any CPU.ActiveCfg = Release|Any CPU
		{95AEBAC7-BA46-40DC-A166-8B7B2A5BCB68}.Release|Any CPU.Build.0 = Release|Any CPU
	EndGlobalSection
	GlobalSection(NestedProjects) = preSolution
		{A6637A0A-7D9F-42E4-A430-5E7DBC390A6D} = {791EF029-5E51-41A9-8C95-CFDAB1AD6147}
		{2B206827-851B-4F41-9223-04B48D7D24CF} = {BE5CC909-D4B7-452F-A37A-EFD2C41A38B4}
		{684CFF0F-2F7B-4E0F-81AD-159A37D7AEA0} = {3375B8A5-D929-4E1D-8959-04492E4C32B5}
		{96112FD9-6CA5-4FD0-8517-CA2D4B355781} = {3375B8A5-D929-4E1D-8959-04492E4C32B5}
		{CB45C860-C11B-4D2A-929B-234E0B8FB4E4} = {3375B8A5-D929-4E1D-8959-04492E4C32B5}
		{1227C584-2092-4ABE-95A9-E94D5CAAF575} = {791EF029-5E51-41A9-8C95-CFDAB1AD6147}
		{6E07DDD9-B895-4650-BB94-F22B0227413A} = {78F3E409-849F-4D8E-AD7F-9E72167DE527}
		{6B27A73E-3BEE-46A3-8594-E2BDED5D3468} = {6E07DDD9-B895-4650-BB94-F22B0227413A}
		{95AEBAC7-BA46-40DC-A166-8B7B2A5BCB68} = {6E07DDD9-B895-4650-BB94-F22B0227413A}
	EndGlobalSection
EndGlobal
